PODS:
  - BugReporter (0.1.6):
    - SwiftyJSON (~> 3.1)
  - SwiftyJSON (3.1.4)

DEPENDENCIES:
  - BugReporter (from `../`)

EXTERNAL SOURCES:
  BugReporter:
    :path: ../

SPEC CHECKSUMS:
  BugReporter: 2cbaf36ab08f5cae5c984d471bd9d55a9f66fa06
  SwiftyJSON: c2842d878f95482ffceec5709abc3d05680c0220

PODFILE CHECKSUM: 75b07b2e87f0691d04d3e3d6ef3afebb7c5b62f7

COCOAPODS: 1.2.0
